
Microsoft Visual Studio Solution File, Format Version 12.00
# Visual Studio 15
VisualStudioVersion = 15.0.28307.329
MinimumVisualStudioVersion = 10.0.40219.1
Project("{888888A0-9F3D-457C-B088-3A5042F75D52}") = "profile2", "profile2\profile2.pyproj", "{A6428545-2FD6-464E-9B12-EA5CE33BBD32}"
EndProject
Global
	GlobalSection(SolutionConfigurationPlatforms) = preSolution
		Debug|Any CPU = Debug|Any CPU
		Release|Any CPU = Release|Any CPU
	EndGlobalSection
	GlobalSection(ProjectConfigurationPlatforms) = postSolution
		{A6428545-2FD6-464E-9B12-EA5CE33BBD32}.Debug|Any CPU.ActiveCfg = Debug|Any CPU
		{A6428545-2FD6-464E-9B12-EA5CE33BBD32}.Debug|Any CPU.Build.0 = Debug|Any CPU
		{A6428545-2FD6-464E-9B12-EA5CE33BBD32}.Release|Any CPU.ActiveCfg = Release|Any CPU
		{A6428545-2FD6-464E-9B12-EA5CE33BBD32}.Release|Any CPU.Build.0 = Release|Any CPU
	EndGlobalSection
	GlobalSection(SolutionProperties) = preSolution
		HideSolutionNode = FALSE
	EndGlobalSection
	GlobalSection(ExtensibilityGlobals) = postSolution
		SolutionGuid = {D682E53E-0018-49CF-B083-53CE87D25D36}
	EndGlobalSection
EndGlobal
